
Microsoft Visual Studio Solution File, Format Version 12.00
# Visual Studio Version 16
VisualStudioVersion = 16.0.31729.503
MinimumVisualStudioVersion = 10.0.40219.1
Project("{8BC9CEB8-8B4A-11D0-8D11-00A0C91BC942}") = "Framework", "Framework\Framework.vcxproj", "{020C1093-BE37-47B2-BE43-FB0746EF7EBF}"
EndProject
Project("{8BC9CEB8-8B4A-11D0-8D11-00A0C91BC942}") = "UnitTest", "UnitTest\UnitTest.vcxproj", "{9EBB263E-0D67-4CCA-A032-38836ACE4065}"
	ProjectSection(ProjectDependencies) = postProject
		{020C1093-BE37-47B2-BE43-FB0746EF7EBF} = {020C1093-BE37-47B2-BE43-FB0746EF7EBF}
	EndProjectSection
EndProject
Project("{2150E333-8FDC-42A3-9474-1A3956D46DE8}") = "_Shaders", "_Shaders", "{57BA02C3-A612-4850-A830-50AC79672D06}"
	ProjectSection(SolutionItems) = preProject
		..\_Shaders\00_Global.fx = ..\_Shaders\00_Global.fx
		..\_Shaders\00_Light.fx = ..\_Shaders\00_Light.fx
		..\_Shaders\00_Render.fx = ..\_Shaders\00_Render.fx
		..\_Shaders\75_Lighting.fx = ..\_Shaders\75_Lighting.fx
		..\_Shaders\78_PointLighting.fx = ..\_Shaders\78_PointLighting.fx
		..\_Shaders\80_SpotLighting.fx = ..\_Shaders\80_SpotLighting.fx
		..\_Shaders\82_NormalMapping.fx = ..\_Shaders\82_NormalMapping.fx
		..\_Shaders\83_Billboard.fx = ..\_Shaders\83_Billboard.fx
		..\_Shaders\85_Rain.fx = ..\_Shaders\85_Rain.fx
		..\_Shaders\85_Snow.fx = ..\_Shaders\85_Snow.fx
		..\_Shaders\89_Particle.fx = ..\_Shaders\89_Particle.fx
	EndProjectSection
EndProject
Project("{8BC9CEB8-8B4A-11D0-8D11-00A0C91BC942}") = "ModelEditor", "ModelEditor\ModelEditor.vcxproj", "{0DC5F526-FF6E-4A8A-8FEC-B6D4F701B161}"
	ProjectSection(ProjectDependencies) = postProject
		{020C1093-BE37-47B2-BE43-FB0746EF7EBF} = {020C1093-BE37-47B2-BE43-FB0746EF7EBF}
	EndProjectSection
EndProject
Project("{8BC9CEB8-8B4A-11D0-8D11-00A0C91BC942}") = "ParticleEditor", "ParticleEditor\ParticleEditor.vcxproj", "{A4F14E9D-9DE1-4952-897E-8FE95152C33E}"
	ProjectSection(ProjectDependencies) = postProject
		{020C1093-BE37-47B2-BE43-FB0746EF7EBF} = {020C1093-BE37-47B2-BE43-FB0746EF7EBF}
	EndProjectSection
EndProject
Global
	GlobalSection(SolutionConfigurationPlatforms) = preSolution
		Debug|x86 = Debug|x86
		Release|x86 = Release|x86
	EndGlobalSection
	GlobalSection(ProjectConfigurationPlatforms) = postSolution
		{020C1093-BE37-47B2-BE43-FB0746EF7EBF}.Debug|x86.ActiveCfg = Debug|Win32
		{020C1093-BE37-47B2-BE43-FB0746EF7EBF}.Debug|x86.Build.0 = Debug|Win32
		{020C1093-BE37-47B2-BE43-FB0746EF7EBF}.Release|x86.ActiveCfg = Release|Win32
		{020C1093-BE37-47B2-BE43-FB0746EF7EBF}.Release|x86.Build.0 = Release|Win32
		{9EBB263E-0D67-4CCA-A032-38836ACE4065}.Debug|x86.ActiveCfg = Debug|Win32
		{9EBB263E-0D67-4CCA-A032-38836ACE4065}.Debug|x86.Build.0 = Debug|Win32
		{9EBB263E-0D67-4CCA-A032-38836ACE4065}.Release|x86.ActiveCfg = Release|Win32
		{9EBB263E-0D67-4CCA-A032-38836ACE4065}.Release|x86.Build.0 = Release|Win32
		{0DC5F526-FF6E-4A8A-8FEC-B6D4F701B161}.Debug|x86.ActiveCfg = Debug|Win32
		{0DC5F526-FF6E-4A8A-8FEC-B6D4F701B161}.Debug|x86.Build.0 = Debug|Win32
		{0DC5F526-FF6E-4A8A-8FEC-B6D4F701B161}.Release|x86.ActiveCfg = Release|Win32
		{0DC5F526-FF6E-4A8A-8FEC-B6D4F701B161}.Release|x86.Build.0 = Release|Win32
		{A4F14E9D-9DE1-4952-897E-8FE95152C33E}.Debug|x86.ActiveCfg = Debug|Win32
		{A4F14E9D-9DE1-4952-897E-8FE95152C33E}.Debug|x86.Build.0 = Debug|Win32
		{A4F14E9D-9DE1-4952-897E-8FE95152C33E}.Release|x86.ActiveCfg = Release|Win32
		{A4F14E9D-9DE1-4952-897E-8FE95152C33E}.Release|x86.Build.0 = Release|Win32
	EndGlobalSection
	GlobalSection(SolutionProperties) = preSolution
		HideSolutionNode = FALSE
	EndGlobalSection
	GlobalSection(ExtensibilityGlobals) = postSolution
		SolutionGuid = {F1BAEB5C-2C91-4893-AC43-95FD8428EDDF}
	EndGlobalSection
EndGlobal
